# THIS IS AN AUTOGENERATED FILE. DO NOT EDIT THIS FILE DIRECTLY.
# yarn lockfile v1


"@types/unist@^2.0.0", "@types/unist@^2.0.2":
  version "2.0.3"
  resolved "https://registry.yarnpkg.com/@types/unist/-/unist-2.0.3.tgz#9c088679876f374eb5983f150d4787aa6fb32d7e"

abab@^2.0.3:
  version "2.0.3"
  resolved "https://registry.yarnpkg.com/abab/-/abab-2.0.3.tgz#623e2075e02eb2d3f2475e49f99c91846467907a"

acorn-globals@^6.0.0:
  version "6.0.0"
  resolved "https://registry.yarnpkg.com/acorn-globals/-/acorn-globals-6.0.0.tgz#46cdd39f0f8ff08a876619b55f5ac8a6dc770b45"
  dependencies:
    acorn "^7.1.1"
    acorn-walk "^7.1.1"

acorn-walk@^7.1.1:
  version "7.1.1"
  resolved "https://registry.yarnpkg.com/acorn-walk/-/acorn-walk-7.1.1.tgz#345f0dffad5c735e7373d2fec9a1023e6a44b83e"

acorn@^7.1.1:
  version "7.1.1"
  resolved "https://registry.yarnpkg.com/acorn/-/acorn-7.1.1.tgz#e35668de0b402f359de515c5482a1ab9f89a69bf"

agent-base@^4.3.0:
  version "4.3.0"
  resolved "https://registry.yarnpkg.com/agent-base/-/agent-base-4.3.0.tgz#8165f01c436009bccad0b1d122f05ed770efc6ee"
  dependencies:
    es6-promisify "^5.0.0"

ajv@^6.5.5:
  version "6.12.6"
  resolved "https://registry.yarnpkg.com/ajv/-/ajv-6.12.6.tgz#baf5a62e802b07d977034586f8c3baf5adf26df4"
  dependencies:
    fast-deep-equal "^3.1.1"
    fast-json-stable-stringify "^2.0.0"
    json-schema-traverse "^0.4.1"
    uri-js "^4.2.2"

argparse@^1.0.7:
  version "1.0.10"
  resolved "https://registry.yarnpkg.com/argparse/-/argparse-1.0.10.tgz#bcd6791ea5ae09725e17e5ad988134cd40b3d911"
  dependencies:
    sprintf-js "~1.0.2"

asn1@~0.2.3:
  version "0.2.4"
  resolved "https://registry.yarnpkg.com/asn1/-/asn1-0.2.4.tgz#8d2475dfab553bb33e77b54e59e880bb8ce23136"
  dependencies:
    safer-buffer "~2.1.0"

assert-plus@1.0.0, assert-plus@^1.0.0:
  version "1.0.0"
  resolved "https://registry.yarnpkg.com/assert-plus/-/assert-plus-1.0.0.tgz#f12e0f3c5d77b0b1cdd9146942e4e96c1e4dd525"

async-limiter@~1.0.0:
  version "1.0.1"
  resolved "https://registry.yarnpkg.com/async-limiter/-/async-limiter-1.0.1.tgz#dd379e94f0db8310b08291f9d64c3209766617fd"

asynckit@^0.4.0:
  version "0.4.0"
  resolved "https://registry.yarnpkg.com/asynckit/-/asynckit-0.4.0.tgz#c79ed97f7f34cb8f2ba1bc9790bcc366474b4b79"

aws-sign2@~0.7.0:
  version "0.7.0"
  resolved "https://registry.yarnpkg.com/aws-sign2/-/aws-sign2-0.7.0.tgz#b46e890934a9591f2d2f6f86d7e6a9f1b3fe76a8"

aws4@^1.8.0:
  version "1.9.1"
  resolved "https://registry.yarnpkg.com/aws4/-/aws4-1.9.1.tgz#7e33d8f7d449b3f673cd72deb9abdc552dbe528e"

bail@^1.0.0:
  version "1.0.5"
  resolved "https://registry.yarnpkg.com/bail/-/bail-1.0.5.tgz#b6fa133404a392cbc1f8c4bf63f5953351e7a776"

balanced-match@^1.0.0:
  version "1.0.0"
  resolved "https://registry.yarnpkg.com/balanced-match/-/balanced-match-1.0.0.tgz#89b4d199ab2bee49de164ea02b89ce462d71b767"

bcrypt-pbkdf@^1.0.0:
  version "1.0.2"
  resolved "https://registry.yarnpkg.com/bcrypt-pbkdf/-/bcrypt-pbkdf-1.0.2.tgz#a4301d389b6a43f9b67ff3ca11a3f6637e360e9e"
  dependencies:
    tweetnacl "^0.14.3"

boolbase@~1.0.0:
  version "1.0.0"
  resolved "https://registry.yarnpkg.com/boolbase/-/boolbase-1.0.0.tgz#68dff5fbe60c51eb37725ea9e3ed310dcc1e776e"

brace-expansion@^1.1.7:
  version "1.1.11"
  resolved "https://registry.yarnpkg.com/brace-expansion/-/brace-expansion-1.1.11.tgz#3c7fcbf529d87226f3d2f52b966ff5271eb441dd"
  dependencies:
    balanced-match "^1.0.0"
    concat-map "0.0.1"

browser-process-hrtime@^1.0.0:
  version "1.0.0"
  resolved "https://registry.yarnpkg.com/browser-process-hrtime/-/browser-process-hrtime-1.0.0.tgz#3c9b4b7d782c8121e56f10106d84c0d0ffc94626"

buffer-crc32@~0.2.3:
  version "0.2.13"
  resolved "https://registry.yarnpkg.com/buffer-crc32/-/buffer-crc32-0.2.13.tgz#0d333e3f00eac50aa1454abd30ef8c2a5d9a7242"

buffer-from@^1.0.0:
  version "1.1.1"
  resolved "https://registry.yarnpkg.com/buffer-from/-/buffer-from-1.1.1.tgz#32713bc028f75c02fdb710d7c7bcec1f2c6070ef"

caseless@~0.12.0:
  version "0.12.0"
  resolved "https://registry.yarnpkg.com/caseless/-/caseless-0.12.0.tgz#1b681c21ff84033c826543090689420d187151dc"

ccount@^1.0.0:
  version "1.0.5"
  resolved "https://registry.yarnpkg.com/ccount/-/ccount-1.0.5.tgz#ac82a944905a65ce204eb03023157edf29425c17"

character-entities-html4@^1.0.0:
  version "1.1.4"
  resolved "https://registry.yarnpkg.com/character-entities-html4/-/character-entities-html4-1.1.4.tgz#0e64b0a3753ddbf1fdc044c5fd01d0199a02e125"

character-entities-legacy@^1.0.0:
  version "1.1.4"
  resolved "https://registry.yarnpkg.com/character-entities-legacy/-/character-entities-legacy-1.1.4.tgz#94bc1845dce70a5bb9d2ecc748725661293d8fc1"

character-entities@^1.0.0:
  version "1.2.4"
  resolved "https://registry.yarnpkg.com/character-entities/-/character-entities-1.2.4.tgz#e12c3939b7eaf4e5b15e7ad4c5e28e1d48c5b16b"

character-reference-invalid@^1.0.0:
  version "1.1.4"
  resolved "https://registry.yarnpkg.com/character-reference-invalid/-/character-reference-invalid-1.1.4.tgz#083329cda0eae272ab3dbbf37e9a382c13af1560"

collapse-white-space@^1.0.0, collapse-white-space@^1.0.2:
  version "1.0.6"
  resolved "https://registry.yarnpkg.com/collapse-white-space/-/collapse-white-space-1.0.6.tgz#e63629c0016665792060dbbeb79c42239d2c5287"

combined-stream@^1.0.6, combined-stream@~1.0.6:
  version "1.0.8"
  resolved "https://registry.yarnpkg.com/combined-stream/-/combined-stream-1.0.8.tgz#c3d45a8b34fd730631a110a8a2520682b31d5a7f"
  dependencies:
    delayed-stream "~1.0.0"

comma-separated-tokens@^1.0.0:
  version "1.0.8"
  resolved "https://registry.yarnpkg.com/comma-separated-tokens/-/comma-separated-tokens-1.0.8.tgz#632b80b6117867a158f1080ad498b2fbe7e3f5ea"

concat-map@0.0.1:
  version "0.0.1"
  resolved "https://registry.yarnpkg.com/concat-map/-/concat-map-0.0.1.tgz#d8a96bd77fd68df7793a73036a3ba0d5405d477b"

concat-stream@^1.6.2:
  version "1.6.2"
  resolved "https://registry.yarnpkg.com/concat-stream/-/concat-stream-1.6.2.tgz#904bdf194cd3122fc675c77fc4ac3d4ff0fd1a34"
  dependencies:
    buffer-from "^1.0.0"
    inherits "^2.0.3"
    readable-stream "^2.2.2"
    typedarray "^0.0.6"

core-util-is@1.0.2, core-util-is@~1.0.0:
  version "1.0.2"
  resolved "https://registry.yarnpkg.com/core-util-is/-/core-util-is-1.0.2.tgz#b5fd54220aa2bc5ab57aab7140c940754503c1a7"

css-selector-parser@^1.0.0:
  version "1.4.1"
  resolved "https://registry.yarnpkg.com/css-selector-parser/-/css-selector-parser-1.4.1.tgz#03f9cb8a81c3e5ab2c51684557d5aaf6d2569759"

cssom@^0.4.4:
  version "0.4.4"
  resolved "https://registry.yarnpkg.com/cssom/-/cssom-0.4.4.tgz#5a66cf93d2d0b661d80bf6a44fb65f5c2e4e0a10"

cssom@~0.3.6:
  version "0.3.8"
  resolved "https://registry.yarnpkg.com/cssom/-/cssom-0.3.8.tgz#9f1276f5b2b463f2114d3f2c75250af8c1a36f4a"

cssstyle@^2.2.0:
  version "2.2.0"
  resolved "https://registry.yarnpkg.com/cssstyle/-/cssstyle-2.2.0.tgz#e4c44debccd6b7911ed617a4395e5754bba59992"
  dependencies:
    cssom "~0.3.6"

dashdash@^1.12.0:
  version "1.14.1"
  resolved "https://registry.yarnpkg.com/dashdash/-/dashdash-1.14.1.tgz#853cfa0f7cbe2fed5de20326b8dd581035f6e2f0"
  dependencies:
    assert-plus "^1.0.0"

data-urls@^2.0.0:
  version "2.0.0"
  resolved "https://registry.yarnpkg.com/data-urls/-/data-urls-2.0.0.tgz#156485a72963a970f5d5821aaf642bef2bf2db9b"
  dependencies:
    abab "^2.0.3"
    whatwg-mimetype "^2.3.0"
    whatwg-url "^8.0.0"

debug@^2.6.9:
  version "2.6.9"
  resolved "https://registry.yarnpkg.com/debug/-/debug-2.6.9.tgz#5d128515df134ff327e90a4c93f4e077a536341f"
  dependencies:
    ms "2.0.0"

debug@^3.1.0:
  version "3.2.6"
  resolved "https://registry.yarnpkg.com/debug/-/debug-3.2.6.tgz#e83d17de16d8a7efb7717edbe5fb10135eee629b"
  dependencies:
    ms "^2.1.1"

debug@^4.1.0:
  version "4.1.1"
  resolved "https://registry.yarnpkg.com/debug/-/debug-4.1.1.tgz#3b72260255109c6b589cee050f1d516139664791"
  dependencies:
    ms "^2.1.1"

decimal.js@^10.2.0:
  version "10.2.0"
  resolved "https://registry.yarnpkg.com/decimal.js/-/decimal.js-10.2.0.tgz#39466113a9e036111d02f82489b5fd6b0b5ed231"

deep-is@~0.1.3:
  version "0.1.3"
  resolved "https://registry.yarnpkg.com/deep-is/-/deep-is-0.1.3.tgz#b369d6fb5dbc13eecf524f91b070feedc357cf34"

delayed-stream@~1.0.0:
  version "1.0.0"
  resolved "https://registry.yarnpkg.com/delayed-stream/-/delayed-stream-1.0.0.tgz#df3ae199acadfb7d440aaae0b29e2272b24ec619"

detab@^2.0.0:
  version "2.0.3"
  resolved "https://registry.yarnpkg.com/detab/-/detab-2.0.3.tgz#33e5dd74d230501bd69985a0d2b9a3382699a130"
  dependencies:
    repeat-string "^1.5.4"

domexception@^2.0.1:
  version "2.0.1"
  resolved "https://registry.yarnpkg.com/domexception/-/domexception-2.0.1.tgz#fb44aefba793e1574b0af6aed2801d057529f304"
  dependencies:
    webidl-conversions "^5.0.0"

dot-env@^0.0.1:
  version "0.0.1"
  resolved "https://registry.yarnpkg.com/dot-env/-/dot-env-0.0.1.tgz#e4434cb8c69143e445bc28a729437e4fabd88c80"

ecc-jsbn@~0.1.1:
  version "0.1.2"
  resolved "https://registry.yarnpkg.com/ecc-jsbn/-/ecc-jsbn-0.1.2.tgz#3a83a904e54353287874c564b7549386849a98c9"
  dependencies:
    jsbn "~0.1.0"
    safer-buffer "^2.1.0"

es6-promise@^4.0.3:
  version "4.2.8"
  resolved "https://registry.yarnpkg.com/es6-promise/-/es6-promise-4.2.8.tgz#4eb21594c972bc40553d276e510539143db53e0a"

es6-promisify@^5.0.0:
  version "5.0.0"
  resolved "https://registry.yarnpkg.com/es6-promisify/-/es6-promisify-5.0.0.tgz#5109d62f3e56ea967c4b63505aef08291c8a5203"
  dependencies:
    es6-promise "^4.0.3"

escodegen@^1.14.1:
  version "1.14.1"
  resolved "https://registry.yarnpkg.com/escodegen/-/escodegen-1.14.1.tgz#ba01d0c8278b5e95a9a45350142026659027a457"
  dependencies:
    esprima "^4.0.1"
    estraverse "^4.2.0"
    esutils "^2.0.2"
    optionator "^0.8.1"
  optionalDependencies:
    source-map "~0.6.1"

esprima@^4.0.0, esprima@^4.0.1:
  version "4.0.1"
  resolved "https://registry.yarnpkg.com/esprima/-/esprima-4.0.1.tgz#13b04cdb3e6c5d19df91ab6987a8695619b0aa71"

estraverse@^4.2.0:
  version "4.3.0"
  resolved "https://registry.yarnpkg.com/estraverse/-/estraverse-4.3.0.tgz#398ad3f3c5a24948be7725e83d11a7de28cdbd1d"

esutils@^2.0.2:
  version "2.0.3"
  resolved "https://registry.yarnpkg.com/esutils/-/esutils-2.0.3.tgz#74d2eb4de0b8da1293711910d50775b9b710ef64"

extend@^3.0.0, extend@~3.0.2:
  version "3.0.2"
  resolved "https://registry.yarnpkg.com/extend/-/extend-3.0.2.tgz#f8b1136b4071fbd8eb140aff858b1019ec2915fa"

extract-zip@^1.6.6:
  version "1.7.0"
  resolved "https://registry.yarnpkg.com/extract-zip/-/extract-zip-1.7.0.tgz#556cc3ae9df7f452c493a0cfb51cc30277940927"
  dependencies:
    concat-stream "^1.6.2"
    debug "^2.6.9"
    mkdirp "^0.5.4"
    yauzl "^2.10.0"

extsprintf@1.3.0, extsprintf@^1.2.0:
  version "1.3.0"
  resolved "https://registry.yarnpkg.com/extsprintf/-/extsprintf-1.3.0.tgz#96918440e3041a7a414f8c52e3c574eb3c3e1e05"

fast-deep-equal@^3.1.1:
  version "3.1.3"
  resolved "https://registry.yarnpkg.com/fast-deep-equal/-/fast-deep-equal-3.1.3.tgz#3a7d56b559d6cbc3eb512325244e619a65c6c525"

fast-json-stable-stringify@^2.0.0:
  version "2.1.0"
  resolved "https://registry.yarnpkg.com/fast-json-stable-stringify/-/fast-json-stable-stringify-2.1.0.tgz#874bf69c6f404c2b5d99c481341399fd55892633"

fast-levenshtein@~2.0.6:
  version "2.0.6"
  resolved "https://registry.yarnpkg.com/fast-levenshtein/-/fast-levenshtein-2.0.6.tgz#3d8a5c66883a16a30ca8643e851f19baa7797917"

fault@^1.0.1:
  version "1.0.4"
  resolved "https://registry.yarnpkg.com/fault/-/fault-1.0.4.tgz#eafcfc0a6d214fc94601e170df29954a4f842f13"
  dependencies:
    format "^0.2.0"

fd-slicer@~1.1.0:
  version "1.1.0"
  resolved "https://registry.yarnpkg.com/fd-slicer/-/fd-slicer-1.1.0.tgz#25c7c89cb1f9077f8891bbe61d8f390eae256f1e"
  dependencies:
    pend "~1.2.0"

forever-agent@~0.6.1:
  version "0.6.1"
  resolved "https://registry.yarnpkg.com/forever-agent/-/forever-agent-0.6.1.tgz#fbc71f0c41adeb37f96c577ad1ed42d8fdacca91"

form-data@~2.3.2:
  version "2.3.3"
  resolved "https://registry.yarnpkg.com/form-data/-/form-data-2.3.3.tgz#dcce52c05f644f298c6a7ab936bd724ceffbf3a6"
  dependencies:
    asynckit "^0.4.0"
    combined-stream "^1.0.6"
    mime-types "^2.1.12"

format@^0.2.0:
  version "0.2.2"
  resolved "https://registry.yarnpkg.com/format/-/format-0.2.2.tgz#d6170107e9efdc4ed30c9dc39016df942b5cb58b"

fs.realpath@^1.0.0:
  version "1.0.0"
  resolved "https://registry.yarnpkg.com/fs.realpath/-/fs.realpath-1.0.0.tgz#1504ad2523158caa40db4a2787cb01411994ea4f"

getpass@^0.1.1:
  version "0.1.7"
  resolved "https://registry.yarnpkg.com/getpass/-/getpass-0.1.7.tgz#5eff8e3e684d569ae4cb2b1282604e8ba62149fa"
  dependencies:
    assert-plus "^1.0.0"

glob@^7.1.3:
  version "7.1.6"
  resolved "https://registry.yarnpkg.com/glob/-/glob-7.1.6.tgz#141f33b81a7c2492e125594307480c46679278a6"
  dependencies:
    fs.realpath "^1.0.0"
    inflight "^1.0.4"
    inherits "2"
    minimatch "^3.0.4"
    once "^1.3.0"
    path-is-absolute "^1.0.0"

har-schema@^2.0.0:
  version "2.0.0"
  resolved "https://registry.yarnpkg.com/har-schema/-/har-schema-2.0.0.tgz#a94c2224ebcac04782a0d9035521f24735b7ec92"

har-validator@~5.1.3:
  version "5.1.3"
  resolved "https://registry.yarnpkg.com/har-validator/-/har-validator-5.1.3.tgz#1ef89ebd3e4996557675eed9893110dc350fa080"
  dependencies:
    ajv "^6.5.5"
    har-schema "^2.0.0"

hast-util-is-element@^1.0.0:
  version "1.0.4"
  resolved "https://registry.yarnpkg.com/hast-util-is-element/-/hast-util-is-element-1.0.4.tgz#059090a05cc02e275df1ad02caf8cb422fcd2e02"

hast-util-to-html@^7.0.0:
  version "7.1.0"
  resolved "https://registry.yarnpkg.com/hast-util-to-html/-/hast-util-to-html-7.1.0.tgz#aa580e7b846438ee1e7af2bee6a650062eb0c3ec"
  dependencies:
    ccount "^1.0.0"
    comma-separated-tokens "^1.0.0"
    hast-util-is-element "^1.0.0"
    hast-util-whitespace "^1.0.0"
    html-void-elements "^1.0.0"
    property-information "^5.0.0"
    space-separated-tokens "^1.0.0"
    stringify-entities "^3.0.0"
    unist-util-is "^4.0.0"
    xtend "^4.0.0"

hast-util-whitespace@^1.0.0:
  version "1.0.4"
  resolved "https://registry.yarnpkg.com/hast-util-whitespace/-/hast-util-whitespace-1.0.4.tgz#e4fe77c4a9ae1cb2e6c25e02df0043d0164f6e41"

html-encoding-sniffer@^2.0.1:
  version "2.0.1"
  resolved "https://registry.yarnpkg.com/html-encoding-sniffer/-/html-encoding-sniffer-2.0.1.tgz#42a6dc4fd33f00281176e8b23759ca4e4fa185f3"
  dependencies:
    whatwg-encoding "^1.0.5"

html-void-elements@^1.0.0:
  version "1.0.5"
  resolved "https://registry.yarnpkg.com/html-void-elements/-/html-void-elements-1.0.5.tgz#ce9159494e86d95e45795b166c2021c2cfca4483"

http-signature@~1.2.0:
  version "1.2.0"
  resolved "https://registry.yarnpkg.com/http-signature/-/http-signature-1.2.0.tgz#9aecd925114772f3d95b65a60abb8f7c18fbace1"
  dependencies:
    assert-plus "^1.0.0"
    jsprim "^1.2.2"
    sshpk "^1.7.0"

https-proxy-agent@^3.0.0:
  version "3.0.1"
  resolved "https://registry.yarnpkg.com/https-proxy-agent/-/https-proxy-agent-3.0.1.tgz#b8c286433e87602311b01c8ea34413d856a4af81"
  dependencies:
    agent-base "^4.3.0"
    debug "^3.1.0"

iconv-lite@0.4.24:
  version "0.4.24"
  resolved "https://registry.yarnpkg.com/iconv-lite/-/iconv-lite-0.4.24.tgz#2022b4b25fbddc21d2f524974a474aafe733908b"
  dependencies:
    safer-buffer ">= 2.1.2 < 3"

inflight@^1.0.4:
  version "1.0.6"
  resolved "https://registry.yarnpkg.com/inflight/-/inflight-1.0.6.tgz#49bd6331d7d02d0c09bc910a1075ba8165b56df9"
  dependencies:
    once "^1.3.0"
    wrappy "1"

inherits@2, inherits@^2.0.0, inherits@^2.0.3, inherits@~2.0.3:
  version "2.0.4"
  resolved "https://registry.yarnpkg.com/inherits/-/inherits-2.0.4.tgz#0fa2c64f932917c3433a0ded55363aae37416b7c"

ip-regex@^2.1.0:
  version "2.1.0"
  resolved "https://registry.yarnpkg.com/ip-regex/-/ip-regex-2.1.0.tgz#fa78bf5d2e6913c911ce9f819ee5146bb6d844e9"

is-alphabetical@^1.0.0:
  version "1.0.4"
  resolved "https://registry.yarnpkg.com/is-alphabetical/-/is-alphabetical-1.0.4.tgz#9e7d6b94916be22153745d184c298cbf986a686d"

is-alphanumeric@^1.0.0:
  version "1.0.0"
  resolved "https://registry.yarnpkg.com/is-alphanumeric/-/is-alphanumeric-1.0.0.tgz#4a9cef71daf4c001c1d81d63d140cf53fd6889f4"

is-alphanumerical@^1.0.0:
  version "1.0.4"
  resolved "https://registry.yarnpkg.com/is-alphanumerical/-/is-alphanumerical-1.0.4.tgz#7eb9a2431f855f6b1ef1a78e326df515696c4dbf"
  dependencies:
    is-alphabetical "^1.0.0"
    is-decimal "^1.0.0"

is-buffer@^2.0.0:
  version "2.0.4"
  resolved "https://registry.yarnpkg.com/is-buffer/-/is-buffer-2.0.4.tgz#3e572f23c8411a5cfd9557c849e3665e0b290623"

is-decimal@^1.0.0, is-decimal@^1.0.2:
  version "1.0.4"
  resolved "https://registry.yarnpkg.com/is-decimal/-/is-decimal-1.0.4.tgz#65a3a5958a1c5b63a706e1b333d7cd9f630d3fa5"

is-hexadecimal@^1.0.0:
  version "1.0.4"
  resolved "https://registry.yarnpkg.com/is-hexadecimal/-/is-hexadecimal-1.0.4.tgz#cc35c97588da4bd49a8eedd6bc4082d44dcb23a7"

is-plain-obj@^2.0.0:
  version "2.1.0"
  resolved "https://registry.yarnpkg.com/is-plain-obj/-/is-plain-obj-2.1.0.tgz#45e42e37fccf1f40da8e5f76ee21515840c09287"

is-potential-custom-element-name@^1.0.0:
  version "1.0.0"
  resolved "https://registry.yarnpkg.com/is-potential-custom-element-name/-/is-potential-custom-element-name-1.0.0.tgz#0c52e54bcca391bb2c494b21e8626d7336c6e397"

is-typedarray@~1.0.0:
  version "1.0.0"
  resolved "https://registry.yarnpkg.com/is-typedarray/-/is-typedarray-1.0.0.tgz#e479c80858df0c1b11ddda6940f96011fcda4a9a"

is-whitespace-character@^1.0.0:
  version "1.0.4"
  resolved "https://registry.yarnpkg.com/is-whitespace-character/-/is-whitespace-character-1.0.4.tgz#0858edd94a95594c7c9dd0b5c174ec6e45ee4aa7"

is-word-character@^1.0.0:
  version "1.0.4"
  resolved "https://registry.yarnpkg.com/is-word-character/-/is-word-character-1.0.4.tgz#ce0e73216f98599060592f62ff31354ddbeb0230"

isarray@~1.0.0:
  version "1.0.0"
  resolved "https://registry.yarnpkg.com/isarray/-/isarray-1.0.0.tgz#bb935d48582cba168c06834957a54a3e07124f11"

isstream@~0.1.2:
  version "0.1.2"
  resolved "https://registry.yarnpkg.com/isstream/-/isstream-0.1.2.tgz#47e63f7af55afa6f92e1500e690eb8b8529c099a"

jpeg-js@^0.3.6:
  version "0.3.7"
  resolved "https://registry.yarnpkg.com/jpeg-js/-/jpeg-js-0.3.7.tgz#471a89d06011640592d314158608690172b1028d"

js-yaml@^3.13.1:
  version "3.13.1"
  resolved "https://registry.yarnpkg.com/js-yaml/-/js-yaml-3.13.1.tgz#aff151b30bfdfa8e49e05da22e7415e9dfa37847"
  dependencies:
    argparse "^1.0.7"
    esprima "^4.0.0"

jsbn@~0.1.0:
  version "0.1.1"
  resolved "https://registry.yarnpkg.com/jsbn/-/jsbn-0.1.1.tgz#a5e654c2e5a2deb5f201d96cefbca80c0ef2f513"

jsdom@^16.2.0:
  version "16.2.2"
  resolved "https://registry.yarnpkg.com/jsdom/-/jsdom-16.2.2.tgz#76f2f7541646beb46a938f5dc476b88705bedf2b"
  dependencies:
    abab "^2.0.3"
    acorn "^7.1.1"
    acorn-globals "^6.0.0"
    cssom "^0.4.4"
    cssstyle "^2.2.0"
    data-urls "^2.0.0"
    decimal.js "^10.2.0"
    domexception "^2.0.1"
    escodegen "^1.14.1"
    html-encoding-sniffer "^2.0.1"
    is-potential-custom-element-name "^1.0.0"
    nwsapi "^2.2.0"
    parse5 "5.1.1"
    request "^2.88.2"
    request-promise-native "^1.0.8"
    saxes "^5.0.0"
    symbol-tree "^3.2.4"
    tough-cookie "^3.0.1"
    w3c-hr-time "^1.0.2"
    w3c-xmlserializer "^2.0.0"
    webidl-conversions "^6.0.0"
    whatwg-encoding "^1.0.5"
    whatwg-mimetype "^2.3.0"
    whatwg-url "^8.0.0"
    ws "^7.2.3"
    xml-name-validator "^3.0.0"

json-schema-traverse@^0.4.1:
  version "0.4.1"
  resolved "https://registry.yarnpkg.com/json-schema-traverse/-/json-schema-traverse-0.4.1.tgz#69f6a87d9513ab8bb8fe63bdb0979c448e684660"

json-schema@0.2.3:
  version "0.2.3"
  resolved "https://registry.yarnpkg.com/json-schema/-/json-schema-0.2.3.tgz#b480c892e59a2f05954ce727bd3f2a4e882f9e13"

json-stringify-safe@~5.0.1:
  version "5.0.1"
  resolved "https://registry.yarnpkg.com/json-stringify-safe/-/json-stringify-safe-5.0.1.tgz#1296a2d58fd45f19a0f6ce01d65701e2c735b6eb"

jsprim@^1.2.2:
  version "1.4.1"
  resolved "https://registry.yarnpkg.com/jsprim/-/jsprim-1.4.1.tgz#313e66bc1e5cc06e438bc1b7499c2e5c56acb6a2"
  dependencies:
    assert-plus "1.0.0"
    extsprintf "1.3.0"
    json-schema "0.2.3"
    verror "1.10.0"

levn@~0.3.0:
  version "0.3.0"
  resolved "https://registry.yarnpkg.com/levn/-/levn-0.3.0.tgz#3b09924edf9f083c0490fdd4c0bc4421e04764ee"
  dependencies:
    prelude-ls "~1.1.2"
    type-check "~0.3.2"

lodash.sortby@^4.7.0:
  version "4.7.0"
  resolved "https://registry.yarnpkg.com/lodash.sortby/-/lodash.sortby-4.7.0.tgz#edd14c824e2cc9c1e0b0a1b42bb5210516a42438"

lodash@^4.17.15:
  version "4.17.15"
  resolved "https://registry.yarnpkg.com/lodash/-/lodash-4.17.15.tgz#b447f6670a0455bbfeedd11392eff330ea097548"

longest-streak@^2.0.1:
  version "2.0.4"
  resolved "https://registry.yarnpkg.com/longest-streak/-/longest-streak-2.0.4.tgz#b8599957da5b5dab64dee3fe316fa774597d90e4"

markdown-escapes@^1.0.0:
  version "1.0.4"
  resolved "https://registry.yarnpkg.com/markdown-escapes/-/markdown-escapes-1.0.4.tgz#c95415ef451499d7602b91095f3c8e8975f78535"

markdown-table@^2.0.0:
  version "2.0.0"
  resolved "https://registry.yarnpkg.com/markdown-table/-/markdown-table-2.0.0.tgz#194a90ced26d31fe753d8b9434430214c011865b"
  dependencies:
    repeat-string "^1.0.0"

mdast-util-compact@^2.0.0:
  version "2.0.1"
  resolved "https://registry.yarnpkg.com/mdast-util-compact/-/mdast-util-compact-2.0.1.tgz#cabc69a2f43103628326f35b1acf735d55c99490"
  dependencies:
    unist-util-visit "^2.0.0"

mdast-util-definitions@^2.0.0:
  version "2.0.1"
  resolved "https://registry.yarnpkg.com/mdast-util-definitions/-/mdast-util-definitions-2.0.1.tgz#2c931d8665a96670639f17f98e32c3afcfee25f3"
  dependencies:
    unist-util-visit "^2.0.0"

mdast-util-to-hast@^8.0.0:
  version "8.2.0"
  resolved "https://registry.yarnpkg.com/mdast-util-to-hast/-/mdast-util-to-hast-8.2.0.tgz#adf9f824defcd382e53dd7bace4282a45602ac67"
  dependencies:
    collapse-white-space "^1.0.0"
    detab "^2.0.0"
    mdast-util-definitions "^2.0.0"
    mdurl "^1.0.0"
    trim-lines "^1.0.0"
    unist-builder "^2.0.0"
    unist-util-generated "^1.0.0"
    unist-util-position "^3.0.0"
    unist-util-visit "^2.0.0"

mdast-util-to-string@^1.0.7:
  version "1.1.0"
  resolved "https://registry.yarnpkg.com/mdast-util-to-string/-/mdast-util-to-string-1.1.0.tgz#27055500103f51637bd07d01da01eb1967a43527"

mdurl@^1.0.0:
  version "1.0.1"
  resolved "https://registry.yarnpkg.com/mdurl/-/mdurl-1.0.1.tgz#fe85b2ec75a59037f2adfec100fd6c601761152e"

mime-db@1.43.0:
  version "1.43.0"
  resolved "https://registry.yarnpkg.com/mime-db/-/mime-db-1.43.0.tgz#0a12e0502650e473d735535050e7c8f4eb4fae58"

mime-types@^2.1.12, mime-types@~2.1.19:
  version "2.1.26"
  resolved "https://registry.yarnpkg.com/mime-types/-/mime-types-2.1.26.tgz#9c921fc09b7e149a65dfdc0da4d20997200b0a06"
  dependencies:
    mime-db "1.43.0"

minimatch@^3.0.4:
  version "3.0.4"
  resolved "https://registry.yarnpkg.com/minimatch/-/minimatch-3.0.4.tgz#5166e286457f03306064be5497e8dbb0c3d32083"
  dependencies:
    brace-expansion "^1.1.7"

minimist@^1.2.5:
  version "1.2.5"
  resolved "https://registry.yarnpkg.com/minimist/-/minimist-1.2.5.tgz#67d66014b66a6a8aaa0c083c5fd58df4e4e97602"

mkdirp@^0.5.4:
  version "0.5.4"
  resolved "https://registry.yarnpkg.com/mkdirp/-/mkdirp-0.5.4.tgz#fd01504a6797ec5c9be81ff43d204961ed64a512"
  dependencies:
    minimist "^1.2.5"

ms@2.0.0:
  version "2.0.0"
  resolved "https://registry.yarnpkg.com/ms/-/ms-2.0.0.tgz#5608aeadfc00be6c2901df5f9861788de0d597c8"

ms@^2.1.1:
  version "2.1.2"
  resolved "https://registry.yarnpkg.com/ms/-/ms-2.1.2.tgz#d09d1f357b443f493382a8eb3ccd183872ae6009"

not@^0.1.0:
  version "0.1.0"
  resolved "https://registry.yarnpkg.com/not/-/not-0.1.0.tgz#c9691c1746c55dcfbe54cbd8bd4ff041bc2b519d"

nth-check@^1.0.0:
  version "1.0.2"
  resolved "https://registry.yarnpkg.com/nth-check/-/nth-check-1.0.2.tgz#b2bd295c37e3dd58a3bf0700376663ba4d9cf05c"
  dependencies:
    boolbase "~1.0.0"

nwsapi@^2.2.0:
  version "2.2.0"
  resolved "https://registry.yarnpkg.com/nwsapi/-/nwsapi-2.2.0.tgz#204879a9e3d068ff2a55139c2c772780681a38b7"

oauth-sign@~0.9.0:
  version "0.9.0"
  resolved "https://registry.yarnpkg.com/oauth-sign/-/oauth-sign-0.9.0.tgz#47a7b016baa68b5fa0ecf3dee08a85c679ac6455"

once@^1.3.0:
  version "1.4.0"
  resolved "https://registry.yarnpkg.com/once/-/once-1.4.0.tgz#583b1aa775961d4b113ac17d9c50baef9dd76bd1"
  dependencies:
    wrappy "1"

optionator@^0.8.1:
  version "0.8.3"
  resolved "https://registry.yarnpkg.com/optionator/-/optionator-0.8.3.tgz#84fa1d036fe9d3c7e21d99884b601167ec8fb495"
  dependencies:
    deep-is "~0.1.3"
    fast-levenshtein "~2.0.6"
    levn "~0.3.0"
    prelude-ls "~1.1.2"
    type-check "~0.3.2"
    word-wrap "~1.2.3"

parse-entities@^2.0.0:
  version "2.0.0"
  resolved "https://registry.yarnpkg.com/parse-entities/-/parse-entities-2.0.0.tgz#53c6eb5b9314a1f4ec99fa0fdf7ce01ecda0cbe8"
  dependencies:
    character-entities "^1.0.0"
    character-entities-legacy "^1.0.0"
    character-reference-invalid "^1.0.0"
    is-alphanumerical "^1.0.0"
    is-decimal "^1.0.0"
    is-hexadecimal "^1.0.0"

parse5@5.1.1:
  version "5.1.1"
  resolved "https://registry.yarnpkg.com/parse5/-/parse5-5.1.1.tgz#f68e4e5ba1852ac2cadc00f4555fff6c2abb6178"

path-is-absolute@^1.0.0:
  version "1.0.1"
  resolved "https://registry.yarnpkg.com/path-is-absolute/-/path-is-absolute-1.0.1.tgz#174b9268735534ffbc7ace6bf53a5a9e1b5c5f5f"

pend@~1.2.0:
  version "1.2.0"
  resolved "https://registry.yarnpkg.com/pend/-/pend-1.2.0.tgz#7a57eb550a6783f9115331fcf4663d5c8e007a50"

performance-now@^2.1.0:
  version "2.1.0"
  resolved "https://registry.yarnpkg.com/performance-now/-/performance-now-2.1.0.tgz#6309f4e0e5fa913ec1c69307ae364b4b377c9e7b"

playwright-core@=0.12.1:
  version "0.12.1"
  resolved "https://registry.yarnpkg.com/playwright-core/-/playwright-core-0.12.1.tgz#07581d1cbe84bb1e438ecdb188de3ed6d5e81ee0"
  dependencies:
    debug "^4.1.0"
    extract-zip "^1.6.6"
    https-proxy-agent "^3.0.0"
    jpeg-js "^0.3.6"
    pngjs "^3.4.0"
    progress "^2.0.3"
    proxy-from-env "^1.1.0"
    rimraf "^3.0.2"
    ws "^6.1.0"

playwright@^0.12.1:
  version "0.12.1"
  resolved "https://registry.yarnpkg.com/playwright/-/playwright-0.12.1.tgz#59445ede1aecec120091db7bc95b4e626451e0b0"
  dependencies:
    playwright-core "=0.12.1"

pngjs@^3.4.0:
  version "3.4.0"
  resolved "https://registry.yarnpkg.com/pngjs/-/pngjs-3.4.0.tgz#99ca7d725965fb655814eaf65f38f12bbdbf555f"

prelude-ls@~1.1.2:
  version "1.1.2"
  resolved "https://registry.yarnpkg.com/prelude-ls/-/prelude-ls-1.1.2.tgz#21932a549f5e52ffd9a827f570e04be62a97da54"

process-nextick-args@~2.0.0:
  version "2.0.1"
  resolved "https://registry.yarnpkg.com/process-nextick-args/-/process-nextick-args-2.0.1.tgz#7820d9b16120cc55ca9ae7792680ae7dba6d7fe2"

progress@^2.0.3:
  version "2.0.3"
  resolved "https://registry.yarnpkg.com/progress/-/progress-2.0.3.tgz#7e8cf8d8f5b8f239c1bc68beb4eb78567d572ef8"

property-information@^5.0.0:
  version "5.4.0"
  resolved "https://registry.yarnpkg.com/property-information/-/property-information-5.4.0.tgz#16e08f13f4e5c4a7be2e4ec431c01c4f8dba869a"
  dependencies:
    xtend "^4.0.0"

proxy-from-env@^1.1.0:
  version "1.1.0"
  resolved "https://registry.yarnpkg.com/proxy-from-env/-/proxy-from-env-1.1.0.tgz#e102f16ca355424865755d2c9e8ea4f24d58c3e2"

psl@^1.1.28:
  version "1.8.0"
  resolved "https://registry.yarnpkg.com/psl/-/psl-1.8.0.tgz#9326f8bcfb013adcc005fdff056acce020e51c24"

punycode@^2.1.0, punycode@^2.1.1:
  version "2.1.1"
  resolved "https://registry.yarnpkg.com/punycode/-/punycode-2.1.1.tgz#b58b010ac40c22c5657616c8d2c2c02c7bf479ec"

qs@~6.5.2:
  version "6.5.2"
  resolved "https://registry.yarnpkg.com/qs/-/qs-6.5.2.tgz#cb3ae806e8740444584ef154ce8ee98d403f3e36"

readable-stream@^2.2.2:
  version "2.3.7"
  resolved "https://registry.yarnpkg.com/readable-stream/-/readable-stream-2.3.7.tgz#1eca1cf711aef814c04f62252a36a62f6cb23b57"
  dependencies:
    core-util-is "~1.0.0"
    inherits "~2.0.3"
    isarray "~1.0.0"
    process-nextick-args "~2.0.0"
    safe-buffer "~5.1.1"
    string_decoder "~1.1.1"
    util-deprecate "~1.0.1"

rehype-stringify@^7.0.0:
  version "7.0.0"
  resolved "https://registry.yarnpkg.com/rehype-stringify/-/rehype-stringify-7.0.0.tgz#abbb172b3a2784a5739394846f6092eefda0ae1f"
  dependencies:
    hast-util-to-html "^7.0.0"
    xtend "^4.0.0"

remark-frontmatter@^2.0.0:
  version "2.0.0"
  resolved "https://registry.yarnpkg.com/remark-frontmatter/-/remark-frontmatter-2.0.0.tgz#c9b8539c27cd23b1672c7e0fcbd5795eeedb4dc1"
  dependencies:
    fault "^1.0.1"

remark-meta@^0.2.1:
  version "0.2.1"
  resolved "https://registry.yarnpkg.com/remark-meta/-/remark-meta-0.2.1.tgz#ad86a39b93ec2e1070596d6d9027ccedea82eca9"
  dependencies:
    js-yaml "^3.13.1"
    mdast-util-to-string "^1.0.7"
    toml "^3.0.0"
    unist-util-select "^3.0.0"
    unist-util-visit "^2.0.1"

remark-parse@^8.0.0:
  version "8.0.0"
  resolved "https://registry.yarnpkg.com/remark-parse/-/remark-parse-8.0.0.tgz#0aaae4b49e607ee7e972a6cf688026f46bbf6d1a"
  dependencies:
    ccount "^1.0.0"
    collapse-white-space "^1.0.2"
    is-alphabetical "^1.0.0"
    is-decimal "^1.0.0"
    is-whitespace-character "^1.0.0"
    is-word-character "^1.0.0"
    markdown-escapes "^1.0.0"
    parse-entities "^2.0.0"
    repeat-string "^1.5.4"
    state-toggle "^1.0.0"
    trim "0.0.1"
    trim-trailing-lines "^1.0.0"
    unherit "^1.0.4"
    unist-util-remove-position "^2.0.0"
    vfile-location "^3.0.0"
    xtend "^4.0.1"

remark-rehype@^6.0.0:
  version "6.0.0"
  resolved "https://registry.yarnpkg.com/remark-rehype/-/remark-rehype-6.0.0.tgz#dcd340ebee412709a81b15a69f4ae474a38aa72a"
  dependencies:
    mdast-util-to-hast "^8.0.0"

remark-stringify@^8.0.0:
  version "8.0.0"
  resolved "https://registry.yarnpkg.com/remark-stringify/-/remark-stringify-8.0.0.tgz#33423ab8bf3076fb197f4cf582aaaf866b531625"
  dependencies:
    ccount "^1.0.0"
    is-alphanumeric "^1.0.0"
    is-decimal "^1.0.0"
    is-whitespace-character "^1.0.0"
    longest-streak "^2.0.1"
    markdown-escapes "^1.0.0"
    markdown-table "^2.0.0"
    mdast-util-compact "^2.0.0"
    parse-entities "^2.0.0"
    repeat-string "^1.5.4"
    state-toggle "^1.0.0"
    stringify-entities "^3.0.0"
    unherit "^1.0.4"
    xtend "^4.0.1"

repeat-string@^1.0.0, repeat-string@^1.5.4:
  version "1.6.1"
  resolved "https://registry.yarnpkg.com/repeat-string/-/repeat-string-1.6.1.tgz#8dcae470e1c88abc2d600fff4a776286da75e637"

replace-ext@1.0.0:
  version "1.0.0"
  resolved "https://registry.yarnpkg.com/replace-ext/-/replace-ext-1.0.0.tgz#de63128373fcbf7c3ccfa4de5a480c45a67958eb"

request-promise-core@1.1.3:
  version "1.1.3"
  resolved "https://registry.yarnpkg.com/request-promise-core/-/request-promise-core-1.1.3.tgz#e9a3c081b51380dfea677336061fea879a829ee9"
  dependencies:
    lodash "^4.17.15"

request-promise-native@^1.0.8:
  version "1.0.8"
  resolved "https://registry.yarnpkg.com/request-promise-native/-/request-promise-native-1.0.8.tgz#a455b960b826e44e2bf8999af64dff2bfe58cb36"
  dependencies:
    request-promise-core "1.1.3"
    stealthy-require "^1.1.1"
    tough-cookie "^2.3.3"

request@^2.88.2:
  version "2.88.2"
  resolved "https://registry.yarnpkg.com/request/-/request-2.88.2.tgz#d73c918731cb5a87da047e207234146f664d12b3"
  dependencies:
    aws-sign2 "~0.7.0"
    aws4 "^1.8.0"
    caseless "~0.12.0"
    combined-stream "~1.0.6"
    extend "~3.0.2"
    forever-agent "~0.6.1"
    form-data "~2.3.2"
    har-validator "~5.1.3"
    http-signature "~1.2.0"
    is-typedarray "~1.0.0"
    isstream "~0.1.2"
    json-stringify-safe "~5.0.1"
    mime-types "~2.1.19"
    oauth-sign "~0.9.0"
    performance-now "^2.1.0"
    qs "~6.5.2"
    safe-buffer "^5.1.2"
    tough-cookie "~2.5.0"
    tunnel-agent "^0.6.0"
    uuid "^3.3.2"

rimraf@^3.0.2:
  version "3.0.2"
  resolved "https://registry.yarnpkg.com/rimraf/-/rimraf-3.0.2.tgz#f1a5402ba6220ad52cc1282bac1ae3aa49fd061a"
  dependencies:
    glob "^7.1.3"

safe-buffer@^5.0.1, safe-buffer@^5.1.2, safe-buffer@~5.1.0, safe-buffer@~5.1.1:
  version "5.1.2"
  resolved "https://registry.yarnpkg.com/safe-buffer/-/safe-buffer-5.1.2.tgz#991ec69d296e0313747d59bdfd2b745c35f8828d"

"safer-buffer@>= 2.1.2 < 3", safer-buffer@^2.0.2, safer-buffer@^2.1.0, safer-buffer@~2.1.0:
  version "2.1.2"
  resolved "https://registry.yarnpkg.com/safer-buffer/-/safer-buffer-2.1.2.tgz#44fa161b0187b9549dd84bb91802f9bd8385cd6a"

saxes@^5.0.0:
  version "5.0.0"
  resolved "https://registry.yarnpkg.com/saxes/-/saxes-5.0.0.tgz#b7d30284d7583a5ca6ad0248b56d8889da53788b"
  dependencies:
    xmlchars "^2.2.0"

source-map@~0.6.1:
  version "0.6.1"
  resolved "https://registry.yarnpkg.com/source-map/-/source-map-0.6.1.tgz#74722af32e9614e9c287a8d0bbde48b5e2f1a263"

space-separated-tokens@^1.0.0:
  version "1.1.5"
  resolved "https://registry.yarnpkg.com/space-separated-tokens/-/space-separated-tokens-1.1.5.tgz#85f32c3d10d9682007e917414ddc5c26d1aa6899"

sprintf-js@~1.0.2:
  version "1.0.3"
  resolved "https://registry.yarnpkg.com/sprintf-js/-/sprintf-js-1.0.3.tgz#04e6926f662895354f3dd015203633b857297e2c"

sshpk@^1.7.0:
  version "1.16.1"
  resolved "https://registry.yarnpkg.com/sshpk/-/sshpk-1.16.1.tgz#fb661c0bef29b39db40769ee39fa70093d6f6877"
  dependencies:
    asn1 "~0.2.3"
    assert-plus "^1.0.0"
    bcrypt-pbkdf "^1.0.0"
    dashdash "^1.12.0"
    ecc-jsbn "~0.1.1"
    getpass "^0.1.1"
    jsbn "~0.1.0"
    safer-buffer "^2.0.2"
    tweetnacl "~0.14.0"

state-toggle@^1.0.0:
  version "1.0.3"
  resolved "https://registry.yarnpkg.com/state-toggle/-/state-toggle-1.0.3.tgz#e123b16a88e143139b09c6852221bc9815917dfe"

stealthy-require@^1.1.1:
  version "1.1.1"
  resolved "https://registry.yarnpkg.com/stealthy-require/-/stealthy-require-1.1.1.tgz#35b09875b4ff49f26a777e509b3090a3226bf24b"

string_decoder@~1.1.1:
  version "1.1.1"
  resolved "https://registry.yarnpkg.com/string_decoder/-/string_decoder-1.1.1.tgz#9cf1611ba62685d7030ae9e4ba34149c3af03fc8"
  dependencies:
    safe-buffer "~5.1.0"

stringify-entities@^3.0.0:
  version "3.0.0"
  resolved "https://registry.yarnpkg.com/stringify-entities/-/stringify-entities-3.0.0.tgz#455abe501f8b7859ba5726a25a8872333c65b0a7"
  dependencies:
    character-entities-html4 "^1.0.0"
    character-entities-legacy "^1.0.0"
    is-alphanumerical "^1.0.0"
    is-decimal "^1.0.2"
    is-hexadecimal "^1.0.0"

symbol-tree@^3.2.4:
  version "3.2.4"
  resolved "https://registry.yarnpkg.com/symbol-tree/-/symbol-tree-3.2.4.tgz#430637d248ba77e078883951fb9aa0eed7c63fa2"

toml@^3.0.0:
  version "3.0.0"
  resolved "https://registry.yarnpkg.com/toml/-/toml-3.0.0.tgz#342160f1af1904ec9d204d03a5d61222d762c5ee"

tough-cookie@^2.3.3, tough-cookie@~2.5.0:
  version "2.5.0"
  resolved "https://registry.yarnpkg.com/tough-cookie/-/tough-cookie-2.5.0.tgz#cd9fb2a0aa1d5a12b473bd9fb96fa3dcff65ade2"
  dependencies:
    psl "^1.1.28"
    punycode "^2.1.1"

tough-cookie@^3.0.1:
  version "3.0.1"
  resolved "https://registry.yarnpkg.com/tough-cookie/-/tough-cookie-3.0.1.tgz#9df4f57e739c26930a018184887f4adb7dca73b2"
  dependencies:
    ip-regex "^2.1.0"
    psl "^1.1.28"
    punycode "^2.1.1"

tr46@^2.0.0:
  version "2.0.2"
  resolved "https://registry.yarnpkg.com/tr46/-/tr46-2.0.2.tgz#03273586def1595ae08fedb38d7733cee91d2479"
  dependencies:
    punycode "^2.1.1"

trim-lines@^1.0.0:
  version "1.1.3"
  resolved "https://registry.yarnpkg.com/trim-lines/-/trim-lines-1.1.3.tgz#839514be82428fd9e7ec89e35081afe8f6f93115"

trim-trailing-lines@^1.0.0:
  version "1.1.3"
  resolved "https://registry.yarnpkg.com/trim-trailing-lines/-/trim-trailing-lines-1.1.3.tgz#7f0739881ff76657b7776e10874128004b625a94"

trim@0.0.1:
  version "0.0.1"
  resolved "https://registry.yarnpkg.com/trim/-/trim-0.0.1.tgz#5858547f6b290757ee95cccc666fb50084c460dd"

trough@^1.0.0:
  version "1.0.5"
  resolved "https://registry.yarnpkg.com/trough/-/trough-1.0.5.tgz#b8b639cefad7d0bb2abd37d433ff8293efa5f406"

tunnel-agent@^0.6.0:
  version "0.6.0"
  resolved "https://registry.yarnpkg.com/tunnel-agent/-/tunnel-agent-0.6.0.tgz#27a5dea06b36b04a0a9966774b290868f0fc40fd"
  dependencies:
    safe-buffer "^5.0.1"

turndown@^6.0.0:
  version "6.0.0"
  resolved "https://registry.yarnpkg.com/turndown/-/turndown-6.0.0.tgz#c083d6109a9366be1b84b86b20af09140ea4b413"
  dependencies:
    jsdom "^16.2.0"

tweetnacl@^0.14.3, tweetnacl@~0.14.0:
  version "0.14.5"
  resolved "https://registry.yarnpkg.com/tweetnacl/-/tweetnacl-0.14.5.tgz#5ae68177f192d4456269d108afa93ff8743f4f64"

type-check@~0.3.2:
  version "0.3.2"
  resolved "https://registry.yarnpkg.com/type-check/-/type-check-0.3.2.tgz#5884cab512cf1d355e3fb784f30804b2b520db72"
  dependencies:
    prelude-ls "~1.1.2"

typedarray@^0.0.6:
  version "0.0.6"
  resolved "https://registry.yarnpkg.com/typedarray/-/typedarray-0.0.6.tgz#867ac74e3864187b1d3d47d996a78ec5c8830777"

unherit@^1.0.4:
  version "1.1.3"
  resolved "https://registry.yarnpkg.com/unherit/-/unherit-1.1.3.tgz#6c9b503f2b41b262330c80e91c8614abdaa69c22"
  dependencies:
    inherits "^2.0.0"
    xtend "^4.0.0"

unified@^9.0.0:
  version "9.0.0"
  resolved "https://registry.yarnpkg.com/unified/-/unified-9.0.0.tgz#12b099f97ee8b36792dbad13d278ee2f696eed1d"
  dependencies:
    bail "^1.0.0"
    extend "^3.0.0"
    is-buffer "^2.0.0"
    is-plain-obj "^2.0.0"
    trough "^1.0.0"
    vfile "^4.0.0"

unist-builder@^2.0.0:
  version "2.0.3"
  resolved "https://registry.yarnpkg.com/unist-builder/-/unist-builder-2.0.3.tgz#77648711b5d86af0942f334397a33c5e91516436"

unist-util-generated@^1.0.0:
  version "1.1.5"
  resolved "https://registry.yarnpkg.com/unist-util-generated/-/unist-util-generated-1.1.5.tgz#1e903e68467931ebfaea386dae9ea253628acd42"

unist-util-is@^4.0.0:
  version "4.0.2"
  resolved "https://registry.yarnpkg.com/unist-util-is/-/unist-util-is-4.0.2.tgz#c7d1341188aa9ce5b3cff538958de9895f14a5de"

unist-util-position@^3.0.0:
  version "3.1.0"
  resolved "https://registry.yarnpkg.com/unist-util-position/-/unist-util-position-3.1.0.tgz#1c42ee6301f8d52f47d14f62bbdb796571fa2d47"

unist-util-remove-position@^2.0.0:
  version "2.0.1"
  resolved "https://registry.yarnpkg.com/unist-util-remove-position/-/unist-util-remove-position-2.0.1.tgz#5d19ca79fdba712301999b2b73553ca8f3b352cc"
  dependencies:
    unist-util-visit "^2.0.0"

unist-util-select@^3.0.0:
  version "3.0.1"
  resolved "https://registry.yarnpkg.com/unist-util-select/-/unist-util-select-3.0.1.tgz#787fc452db9ba77f0ade0e7dc53c3d9d4acc79c7"
  dependencies:
    css-selector-parser "^1.0.0"
    not "^0.1.0"
    nth-check "^1.0.0"
    unist-util-is "^4.0.0"
    zwitch "^1.0.0"

unist-util-stringify-position@^2.0.0:
  version "2.0.3"
  resolved "https://registry.yarnpkg.com/unist-util-stringify-position/-/unist-util-stringify-position-2.0.3.tgz#cce3bfa1cdf85ba7375d1d5b17bdc4cada9bd9da"
  dependencies:
    "@types/unist" "^2.0.2"

unist-util-visit-parents@^3.0.0:
  version "3.0.2"
  resolved "https://registry.yarnpkg.com/unist-util-visit-parents/-/unist-util-visit-parents-3.0.2.tgz#d4076af3011739c71d2ce99d05de37d545f4351d"
  dependencies:
    "@types/unist" "^2.0.0"
    unist-util-is "^4.0.0"

unist-util-visit@^2.0.0, unist-util-visit@^2.0.1:
  version "2.0.2"
  resolved "https://registry.yarnpkg.com/unist-util-visit/-/unist-util-visit-2.0.2.tgz#3843782a517de3d2357b4c193b24af2d9366afb7"
  dependencies:
    "@types/unist" "^2.0.0"
    unist-util-is "^4.0.0"
    unist-util-visit-parents "^3.0.0"

uri-js@^4.2.2:
  version "4.4.1"
  resolved "https://registry.yarnpkg.com/uri-js/-/uri-js-4.4.1.tgz#9b1a52595225859e55f669d928f88c6c57f2a77e"
  dependencies:
    punycode "^2.1.0"

util-deprecate@~1.0.1:
  version "1.0.2"
  resolved "https://registry.yarnpkg.com/util-deprecate/-/util-deprecate-1.0.2.tgz#450d4dc9fa70de732762fbd2d4a28981419a0ccf"

uuid@^3.3.2:
  version "3.4.0"
  resolved "https://registry.yarnpkg.com/uuid/-/uuid-3.4.0.tgz#b23e4358afa8a202fe7a100af1f5f883f02007ee"

verror@1.10.0:
  version "1.10.0"
  resolved "https://registry.yarnpkg.com/verror/-/verror-1.10.0.tgz#3a105ca17053af55d6e270c1f8288682e18da400"
  dependencies:
    assert-plus "^1.0.0"
    core-util-is "1.0.2"
    extsprintf "^1.2.0"

vfile-location@^3.0.0:
  version "3.0.1"
  resolved "https://registry.yarnpkg.com/vfile-location/-/vfile-location-3.0.1.tgz#d78677c3546de0f7cd977544c367266764d31bb3"

vfile-message@^2.0.0:
  version "2.0.4"
  resolved "https://registry.yarnpkg.com/vfile-message/-/vfile-message-2.0.4.tgz#5b43b88171d409eae58477d13f23dd41d52c371a"
  dependencies:
    "@types/unist" "^2.0.0"
    unist-util-stringify-position "^2.0.0"

vfile@^4.0.0:
  version "4.1.0"
  resolved "https://registry.yarnpkg.com/vfile/-/vfile-4.1.0.tgz#d79248957f43225d57ff67a56effc67bef08946e"
  dependencies:
    "@types/unist" "^2.0.0"
    is-buffer "^2.0.0"
    replace-ext "1.0.0"
    unist-util-stringify-position "^2.0.0"
    vfile-message "^2.0.0"

w3c-hr-time@^1.0.2:
  version "1.0.2"
  resolved "https://registry.yarnpkg.com/w3c-hr-time/-/w3c-hr-time-1.0.2.tgz#0a89cdf5cc15822df9c360543676963e0cc308cd"
  dependencies:
    browser-process-hrtime "^1.0.0"

w3c-xmlserializer@^2.0.0:
  version "2.0.0"
  resolved "https://registry.yarnpkg.com/w3c-xmlserializer/-/w3c-xmlserializer-2.0.0.tgz#3e7104a05b75146cc60f564380b7f683acf1020a"
  dependencies:
    xml-name-validator "^3.0.0"

webidl-conversions@^5.0.0:
  version "5.0.0"
  resolved "https://registry.yarnpkg.com/webidl-conversions/-/webidl-conversions-5.0.0.tgz#ae59c8a00b121543a2acc65c0434f57b0fc11aff"

webidl-conversions@^6.0.0:
  version "6.0.0"
  resolved "https://registry.yarnpkg.com/webidl-conversions/-/webidl-conversions-6.0.0.tgz#ff41d921371f43e772dba311b146ab6c0ef0ead4"

whatwg-encoding@^1.0.5:
  version "1.0.5"
  resolved "https://registry.yarnpkg.com/whatwg-encoding/-/whatwg-encoding-1.0.5.tgz#5abacf777c32166a51d085d6b4f3e7d27113ddb0"
  dependencies:
    iconv-lite "0.4.24"

whatwg-mimetype@^2.3.0:
  version "2.3.0"
  resolved "https://registry.yarnpkg.com/whatwg-mimetype/-/whatwg-mimetype-2.3.0.tgz#3d4b1e0312d2079879f826aff18dbeeca5960fbf"

whatwg-url@^8.0.0:
  version "8.0.0"
  resolved "https://registry.yarnpkg.com/whatwg-url/-/whatwg-url-8.0.0.tgz#37f256cb746398e19b107bd6ef820b4ae2d15871"
  dependencies:
    lodash.sortby "^4.7.0"
    tr46 "^2.0.0"
    webidl-conversions "^5.0.0"

word-wrap@~1.2.3:
  version "1.2.3"
  resolved "https://registry.yarnpkg.com/word-wrap/-/word-wrap-1.2.3.tgz#610636f6b1f703891bd34771ccb17fb93b47079c"

wrappy@1:
  version "1.0.2"
  resolved "https://registry.yarnpkg.com/wrappy/-/wrappy-1.0.2.tgz#b5243d8f3ec1aa35f1364605bc0d1036e30ab69f"

ws@^6.1.0:
  version "6.2.1"
  resolved "https://registry.yarnpkg.com/ws/-/ws-6.2.1.tgz#442fdf0a47ed64f59b6a5d8ff130f4748ed524fb"
  dependencies:
    async-limiter "~1.0.0"

ws@^7.2.3:
  version "7.2.3"
  resolved "https://registry.yarnpkg.com/ws/-/ws-7.2.3.tgz#a5411e1fb04d5ed0efee76d26d5c46d830c39b46"

xml-name-validator@^3.0.0:
  version "3.0.0"
  resolved "https://registry.yarnpkg.com/xml-name-validator/-/xml-name-validator-3.0.0.tgz#6ae73e06de4d8c6e47f9fb181f78d648ad457c6a"

xmlchars@^2.2.0:
  version "2.2.0"
  resolved "https://registry.yarnpkg.com/xmlchars/-/xmlchars-2.2.0.tgz#060fe1bcb7f9c76fe2a17db86a9bc3ab894210cb"

xtend@^4.0.0, xtend@^4.0.1:
  version "4.0.2"
  resolved "https://registry.yarnpkg.com/xtend/-/xtend-4.0.2.tgz#bb72779f5fa465186b1f438f674fa347fdb5db54"

yauzl@^2.10.0:
  version "2.10.0"
  resolved "https://registry.yarnpkg.com/yauzl/-/yauzl-2.10.0.tgz#c7eb17c93e112cb1086fa6d8e51fb0667b79a5f9"
  dependencies:
    buffer-crc32 "~0.2.3"
    fd-slicer "~1.1.0"

zwitch@^1.0.0:
  version "1.0.5"
  resolved "https://registry.yarnpkg.com/zwitch/-/zwitch-1.0.5.tgz#d11d7381ffed16b742f6af7b3f223d5cd9fe9920"
